
Microsoft Visual Studio Solution File, Format Version 12.00
# Visual Studio Version 17
VisualStudioVersion = 17.14.36804.6 d17.14
MinimumVisualStudioVersion = 10.0.40219.1
Project("{FAE04EC0-301F-11D3-BF4B-00C04F79EFBC}") = "forExam", "forExam.csproj", "{F312B5FA-3208-4A5C-9295-5029DA94E885}"
EndProject
Global
	GlobalSection(SolutionConfigurationPlatforms) = preSolution
		Debug|Any CPU = Debug|Any CPU
		Release|Any CPU = Release|Any CPU
	EndGlobalSection
	GlobalSection(ProjectConfigurationPlatforms) = postSolution
		{F312B5FA-3208-4A5C-9295-5029DA94E885}.Debug|Any CPU.ActiveCfg = Debug|Any CPU
		{F312B5FA-3208-4A5C-9295-5029DA94E885}.Debug|Any CPU.Build.0 = Debug|Any CPU
		{F312B5FA-3208-4A5C-9295-5029DA94E885}.Release|Any CPU.ActiveCfg = Release|Any CPU
		{F312B5FA-3208-4A5C-9295-5029DA94E885}.Release|Any CPU.Build.0 = Release|Any CPU
	EndGlobalSection
	GlobalSection(SolutionProperties) = preSolution
		HideSolutionNode = FALSE
	EndGlobalSection
	GlobalSection(ExtensibilityGlobals) = postSolution
		SolutionGuid = {FE2A2F99-06EB-476A-BA72-F1CAD4ADF045}
	EndGlobalSection
EndGlobal
