
Microsoft Visual Studio Solution File, Format Version 12.00
# Visual Studio Version 17
VisualStudioVersion = 17.14.36518.9 d17.14
MinimumVisualStudioVersion = 10.0.40219.1
Project("{FAE04EC0-301F-11D3-BF4B-00C04F79EFBC}") = "tp_1(controller)", "tp_1(controller).csproj", "{8A002249-F821-475D-990B-8DDBBFD77667}"
EndProject
Global
	GlobalSection(SolutionConfigurationPlatforms) = preSolution
		Debug|Any CPU = Debug|Any CPU
		Release|Any CPU = Release|Any CPU
	EndGlobalSection
	GlobalSection(ProjectConfigurationPlatforms) = postSolution
		{8A002249-F821-475D-990B-8DDBBFD77667}.Debug|Any CPU.ActiveCfg = Debug|Any CPU
		{8A002249-F821-475D-990B-8DDBBFD77667}.Debug|Any CPU.Build.0 = Debug|Any CPU
		{8A002249-F821-475D-990B-8DDBBFD77667}.Release|Any CPU.ActiveCfg = Release|Any CPU
		{8A002249-F821-475D-990B-8DDBBFD77667}.Release|Any CPU.Build.0 = Release|Any CPU
	EndGlobalSection
	GlobalSection(SolutionProperties) = preSolution
		HideSolutionNode = FALSE
	EndGlobalSection
	GlobalSection(ExtensibilityGlobals) = postSolution
		SolutionGuid = {C510D354-0C0F-4A74-8816-E39431B579A3}
	EndGlobalSection
EndGlobal
