
Microsoft Visual Studio Solution File, Format Version 12.00
# Visual Studio Version 17
VisualStudioVersion = 17.14.36804.6 d17.14
MinimumVisualStudioVersion = 10.0.40219.1
Project("{FAE04EC0-301F-11D3-BF4B-00C04F79EFBC}") = "BDConnect", "BDConnect.csproj", "{915F2F63-C277-4DB6-B835-D609AE3B42FF}"
EndProject
Global
	GlobalSection(SolutionConfigurationPlatforms) = preSolution
		Debug|Any CPU = Debug|Any CPU
		Release|Any CPU = Release|Any CPU
	EndGlobalSection
	GlobalSection(ProjectConfigurationPlatforms) = postSolution
		{915F2F63-C277-4DB6-B835-D609AE3B42FF}.Debug|Any CPU.ActiveCfg = Debug|Any CPU
		{915F2F63-C277-4DB6-B835-D609AE3B42FF}.Debug|Any CPU.Build.0 = Debug|Any CPU
		{915F2F63-C277-4DB6-B835-D609AE3B42FF}.Release|Any CPU.ActiveCfg = Release|Any CPU
		{915F2F63-C277-4DB6-B835-D609AE3B42FF}.Release|Any CPU.Build.0 = Release|Any CPU
	EndGlobalSection
	GlobalSection(SolutionProperties) = preSolution
		HideSolutionNode = FALSE
	EndGlobalSection
	GlobalSection(ExtensibilityGlobals) = postSolution
		SolutionGuid = {1C50F14E-DE60-48A1-9809-D37EE4292BF1}
	EndGlobalSection
EndGlobal
